{
  "name": "react-native-getui",
  "version": "1.1.50",
  "lockfileVersion": 3,
  "requires": true,
  "packages": {
    "": {
      "name": "react-native-getui",
      "version": "1.1.50",
      "hasInstallScript": true,
      "license": "ISC",
      "dependencies": {
        "react-native-getui": "^1.1.50"
      }
    },
    "node_modules/react-native-getui": {
      "version": "1.1.50",
      "resolved": "https://registry.npmjs.org/react-native-getui/-/react-native-getui-1.1.50.tgz",
      "integrity": "sha512-swqNEP+U+vfE7H7ls1Z3dKl9lC/yjY2RhLeaYsC5BF7eDpalZDV1+DURtoJ+G3WLQmbD+dpTX5VpuHeyw12lzA==",
      "hasInstallScript": true,
      "license": "ISC"
    }
  }
}
